{
  "name": "@selfage/http_error",
  "version": "0.0.1",
  "lockfileVersion": 2,
  "requires": true,
  "packages": {
    "": {
      "name": "@selfage/http_error",
      "version": "0.0.1",
      "license": "GPL-3.0-or-later",
      "dependencies": {
        "@selfage/nested_error": "^1.0.1"
      },
      "devDependencies": {
        "@selfage/tsconfig": "^1.0.3",
        "typescript": "^4.1.3"
      }
    },
    "node_modules/@selfage/nested_error": {
      "version": "1.0.1",
      "resolved": "https://registry.npmjs.org/@selfage/nested_error/-/nested_error-1.0.1.tgz",
      "integrity": "sha512-PPX3N+OFsM7sZ34hvtM1uQhQVTze2TfmZtXbKy+r6S6U1tYcXzJGawjbRVs/6jYo0FE4hUXOsETrRWG9QCA1Tw=="
    },
    "node_modules/@selfage/tsconfig": {
      "version": "1.0.3",
      "resolved": "https://registry.npmjs.org/@selfage/tsconfig/-/tsconfig-1.0.3.tgz",
      "integrity": "sha512-Rzvev8laiYIoXY2fyAGLSaLzqu5GSMAHdgyJa4uyLHke3w8Z8gppax3Td5Tf140qn1Vh6IjI8W9wSVwwwLf+TQ==",
      "dev": true
    },
    "node_modules/typescript": {
      "version": "4.1.5",
      "resolved": "https://registry.npmjs.org/typescript/-/typescript-4.1.5.tgz",
      "integrity": "sha512-6OSu9PTIzmn9TCDiovULTnET6BgXtDYL4Gg4szY+cGsc3JP1dQL8qvE8kShTRx1NIw4Q9IBHlwODjkjWEtMUyA==",
      "dev": true,
      "bin": {
        "tsc": "bin/tsc",
        "tsserver": "bin/tsserver"
      },
      "engines": {
        "node": ">=4.2.0"
      }
    }
  },
  "dependencies": {
    "@selfage/nested_error": {
      "version": "1.0.1",
      "resolved": "https://registry.npmjs.org/@selfage/nested_error/-/nested_error-1.0.1.tgz",
      "integrity": "sha512-PPX3N+OFsM7sZ34hvtM1uQhQVTze2TfmZtXbKy+r6S6U1tYcXzJGawjbRVs/6jYo0FE4hUXOsETrRWG9QCA1Tw=="
    },
    "@selfage/tsconfig": {
      "version": "1.0.3",
      "resolved": "https://registry.npmjs.org/@selfage/tsconfig/-/tsconfig-1.0.3.tgz",
      "integrity": "sha512-Rzvev8laiYIoXY2fyAGLSaLzqu5GSMAHdgyJa4uyLHke3w8Z8gppax3Td5Tf140qn1Vh6IjI8W9wSVwwwLf+TQ==",
      "dev": true
    },
    "typescript": {
      "version": "4.1.5",
      "resolved": "https://registry.npmjs.org/typescript/-/typescript-4.1.5.tgz",
      "integrity": "sha512-6OSu9PTIzmn9TCDiovULTnET6BgXtDYL4Gg4szY+cGsc3JP1dQL8qvE8kShTRx1NIw4Q9IBHlwODjkjWEtMUyA==",
      "dev": true
    }
  }
}
