{
  "name": "@selfage/http_error",
  "version": "1.1.2",
  "lockfileVersion": 2,
  "requires": true,
  "packages": {
    "": {
      "name": "@selfage/http_error",
      "version": "1.1.2",
      "license": "MIT",
      "dependencies": {
        "@selfage/nested_error": "^1.0.7",
        "@selfage/test_matcher": "^2.1.8"
      },
      "devDependencies": {
        "@selfage/tsconfig": "^1.1.0",
        "typescript": "^5.6.3"
      }
    },
    "node_modules/@selfage/nested_error": {
      "version": "1.0.7",
      "resolved": "https://registry.npmjs.org/@selfage/nested_error/-/nested_error-1.0.7.tgz",
      "integrity": "sha512-CGrLKS8DYUtV5MrnE8BMgGnStaLo2NhbDIL33BYrgTpG8Q6AcTZLggv+2NRVjP3mW46x43SupM5mF9yFwiq3KA==",
      "license": "MIT"
    },
    "node_modules/@selfage/test_matcher": {
      "version": "2.1.8",
      "resolved": "https://registry.npmjs.org/@selfage/test_matcher/-/test_matcher-2.1.8.tgz",
      "integrity": "sha512-5XlddVh91NGwDtVEsq7NSosvMWGBxZH012Vs5ivIK455P/TS130TaIz9KELBuXrBPMad0SFSOYseOIXFtnkeOQ==",
      "license": "MIT"
    },
    "node_modules/@selfage/tsconfig": {
      "version": "1.1.0",
      "resolved": "https://registry.npmjs.org/@selfage/tsconfig/-/tsconfig-1.1.0.tgz",
      "integrity": "sha512-ZDtePZp28WP5LQuSxhSWM+xB/PqRfeSInLtbjgmee2jeHddfrWHNvX/AHmrxtgNR4UdhmbQkAVJnRrsvWnU0dg==",
      "dev": true,
      "license": "GPL-3.0-or-later"
    },
    "node_modules/typescript": {
      "version": "5.6.3",
      "resolved": "https://registry.npmjs.org/typescript/-/typescript-5.6.3.tgz",
      "integrity": "sha512-hjcS1mhfuyi4WW8IWtjP7brDrG2cuDZukyrYrSauoXGNgx0S7zceP07adYkJycEr56BOUTNPzbInooiN3fn1qw==",
      "dev": true,
      "license": "Apache-2.0",
      "bin": {
        "tsc": "bin/tsc",
        "tsserver": "bin/tsserver"
      },
      "engines": {
        "node": ">=14.17"
      }
    }
  },
  "dependencies": {
    "@selfage/nested_error": {
      "version": "1.0.7",
      "resolved": "https://registry.npmjs.org/@selfage/nested_error/-/nested_error-1.0.7.tgz",
      "integrity": "sha512-CGrLKS8DYUtV5MrnE8BMgGnStaLo2NhbDIL33BYrgTpG8Q6AcTZLggv+2NRVjP3mW46x43SupM5mF9yFwiq3KA=="
    },
    "@selfage/test_matcher": {
      "version": "2.1.8",
      "resolved": "https://registry.npmjs.org/@selfage/test_matcher/-/test_matcher-2.1.8.tgz",
      "integrity": "sha512-5XlddVh91NGwDtVEsq7NSosvMWGBxZH012Vs5ivIK455P/TS130TaIz9KELBuXrBPMad0SFSOYseOIXFtnkeOQ=="
    },
    "@selfage/tsconfig": {
      "version": "1.1.0",
      "resolved": "https://registry.npmjs.org/@selfage/tsconfig/-/tsconfig-1.1.0.tgz",
      "integrity": "sha512-ZDtePZp28WP5LQuSxhSWM+xB/PqRfeSInLtbjgmee2jeHddfrWHNvX/AHmrxtgNR4UdhmbQkAVJnRrsvWnU0dg==",
      "dev": true
    },
    "typescript": {
      "version": "5.6.3",
      "resolved": "https://registry.npmjs.org/typescript/-/typescript-5.6.3.tgz",
      "integrity": "sha512-hjcS1mhfuyi4WW8IWtjP7brDrG2cuDZukyrYrSauoXGNgx0S7zceP07adYkJycEr56BOUTNPzbInooiN3fn1qw==",
      "dev": true
    }
  }
}
